// !$*UTF8*$!
{
	archiveVersion = 1;
	classes = {
	};
	objectVersion = 46;
	objects = {

/* Begin PBXBuildFile section */
		ED44B1231D8998EC000E2B45 /* AppDelegate.swift in Sources */ = {isa = PBXBuildFile; fileRef = ED44B1221D8998EC000E2B45 /* AppDelegate.swift */; };
		ED44B1251D8998ED000E2B45 /* ViewController.swift in Sources */ = {isa = PBXBuildFile; fileRef = ED44B1241D8998EC000E2B45 /* ViewController.swift */; };
		ED44B1281D8998ED000E2B45 /* Main.storyboard in Resources */ = {isa = PBXBuildFile; fileRef = ED44B1261D8998ED000E2B45 /* Main.storyboard */; };
		ED44B12A1D8998ED000E2B45 /* Assets.xcassets in Resources */ = {isa = PBXBuildFile; fileRef = ED44B1291D8998ED000E2B45 /* Assets.xcassets */; };
		ED44B12D1D8998ED000E2B45 /* LaunchScreen.storyboard in Resources */ = {isa = PBXBuildFile; fileRef = ED44B12B1D8998ED000E2B45 /* LaunchScreen.storyboard */; };
		ED44B1371D89993B000E2B45 /* UIView+SDAutoLayout.m in Sources */ = {isa = PBXBuildFile; fileRef = ED44B1361D89993B000E2B45 /* UIView+SDAutoLayout.m */; };
		ED44B1391D89997B000E2B45 /* RandombounceView.swift in Sources */ = {isa = PBXBuildFile; fileRef = ED44B1381D89997B000E2B45 /* RandombounceView.swift */; };
		ED44B13C1D89A2BB000E2B45 /* UITableView+SDAutoTableViewCellHeight.m in Sources */ = {isa = PBXBuildFile; fileRef = ED44B13B1D89A2BB000E2B45 /* UITableView+SDAutoTableViewCellHeight.m */; };
		ED44B13E1D89A8A1000E2B45 /* ItemButton.swift in Sources */ = {isa = PBXBuildFile; fileRef = ED44B13D1D89A8A1000E2B45 /* ItemButton.swift */; };
		ED808B0E1D8A48EB003C7DF6 /* img7.png in Resources */ = {isa = PBXBuildFile; fileRef = ED808B0D1D8A48EB003C7DF6 /* img7.png */; };
		ED808B101D8A48F1003C7DF6 /* img6.png in Resources */ = {isa = PBXBuildFile; fileRef = ED808B0F1D8A48F1003C7DF6 /* img6.png */; };
		ED808B161D8A4919003C7DF6 /* img4.png in Resources */ = {isa = PBXBuildFile; fileRef = ED808B151D8A4919003C7DF6 /* img4.png */; };
		ED808B181D8A492B003C7DF6 /* img0.png in Resources */ = {isa = PBXBuildFile; fileRef = ED808B171D8A492B003C7DF6 /* img0.png */; };
		ED808B1A1D8A4934003C7DF6 /* img2.png in Resources */ = {isa = PBXBuildFile; fileRef = ED808B191D8A4934003C7DF6 /* img2.png */; };
		ED808B1C1D8A4945003C7DF6 /* img1.png in Resources */ = {isa = PBXBuildFile; fileRef = ED808B1B1D8A4945003C7DF6 /* img1.png */; };
		ED808B1E1D8A49E8003C7DF6 /* 0.png in Resources */ = {isa = PBXBuildFile; fileRef = ED808B1D1D8A49E8003C7DF6 /* 0.png */; };
		ED808B221D8A4A59003C7DF6 /* img8.png in Resources */ = {isa = PBXBuildFile; fileRef = ED808B211D8A4A59003C7DF6 /* img8.png */; };
		ED808B261D8A4B87003C7DF6 /* img3.png in Resources */ = {isa = PBXBuildFile; fileRef = ED808B251D8A4B87003C7DF6 /* img3.png */; };
		ED808B281D8A4BA8003C7DF6 /* img5.png in Resources */ = {isa = PBXBuildFile; fileRef = ED808B271D8A4BA8003C7DF6 /* img5.png */; };
		ED808B2B1D8A4DB2003C7DF6 /* 摇一摇.gif in Resources */ = {isa = PBXBuildFile; fileRef = ED808B2A1D8A4DB2003C7DF6 /* 摇一摇.gif */; };
/* End PBXBuildFile section */

/* Begin PBXFileReference section */
		ED44B11F1D8998EC000E2B45 /* randomsele.app */ = {isa = PBXFileReference; explicitFileType = wrapper.application; includeInIndex = 0; path = randomsele.app; sourceTree = BUILT_PRODUCTS_DIR; };
		ED44B1221D8998EC000E2B45 /* AppDelegate.swift */ = {isa = PBXFileReference; lastKnownFileType = sourcecode.swift; path = AppDelegate.swift; sourceTree = "<group>"; };
		ED44B1241D8998EC000E2B45 /* ViewController.swift */ = {isa = PBXFileReference; lastKnownFileType = sourcecode.swift; path = ViewController.swift; sourceTree = "<group>"; };
		ED44B1271D8998ED000E2B45 /* Base */ = {isa = PBXFileReference; lastKnownFileType = file.storyboard; name = Base; path = Base.lproj/Main.storyboard; sourceTree = "<group>"; };
		ED44B1291D8998ED000E2B45 /* Assets.xcassets */ = {isa = PBXFileReference; lastKnownFileType = folder.assetcatalog; path = Assets.xcassets; sourceTree = "<group>"; };
		ED44B12C1D8998ED000E2B45 /* Base */ = {isa = PBXFileReference; lastKnownFileType = file.storyboard; name = Base; path = Base.lproj/LaunchScreen.storyboard; sourceTree = "<group>"; };
		ED44B12E1D8998ED000E2B45 /* Info.plist */ = {isa = PBXFileReference; lastKnownFileType = text.plist.xml; path = Info.plist; sourceTree = "<group>"; };
		ED44B1351D89993B000E2B45 /* UIView+SDAutoLayout.h */ = {isa = PBXFileReference; fileEncoding = 4; lastKnownFileType = sourcecode.c.h; path = "UIView+SDAutoLayout.h"; sourceTree = "<group>"; };
		ED44B1361D89993B000E2B45 /* UIView+SDAutoLayout.m */ = {isa = PBXFileReference; fileEncoding = 4; lastKnownFileType = sourcecode.c.objc; path = "UIView+SDAutoLayout.m"; sourceTree = "<group>"; };
		ED44B1381D89997B000E2B45 /* RandombounceView.swift */ = {isa = PBXFileReference; fileEncoding = 4; lastKnownFileType = sourcecode.swift; path = RandombounceView.swift; sourceTree = "<group>"; };
		ED44B13A1D89A2BB000E2B45 /* UITableView+SDAutoTableViewCellHeight.h */ = {isa = PBXFileReference; fileEncoding = 4; lastKnownFileType = sourcecode.c.h; path = "UITableView+SDAutoTableViewCellHeight.h"; sourceTree = "<group>"; };
		ED44B13B1D89A2BB000E2B45 /* UITableView+SDAutoTableViewCellHeight.m */ = {isa = PBXFileReference; fileEncoding = 4; lastKnownFileType = sourcecode.c.objc; path = "UITableView+SDAutoTableViewCellHeight.m"; sourceTree = "<group>"; };
		ED44B13D1D89A8A1000E2B45 /* ItemButton.swift */ = {isa = PBXFileReference; fileEncoding = 4; lastKnownFileType = sourcecode.swift; path = ItemButton.swift; sourceTree = "<group>"; };
		ED808B0D1D8A48EB003C7DF6 /* img7.png */ = {isa = PBXFileReference; lastKnownFileType = image.png; path = img7.png; sourceTree = "<group>"; };
		ED808B0F1D8A48F1003C7DF6 /* img6.png */ = {isa = PBXFileReference; lastKnownFileType = image.png; path = img6.png; sourceTree = "<group>"; };
		ED808B151D8A4919003C7DF6 /* img4.png */ = {isa = PBXFileReference; lastKnownFileType = image.png; path = img4.png; sourceTree = "<group>"; };
		ED808B171D8A492B003C7DF6 /* img0.png */ = {isa = PBXFileReference; lastKnownFileType = image.png; path = img0.png; sourceTree = "<group>"; };
		ED808B191D8A4934003C7DF6 /* img2.png */ = {isa = PBXFileReference; lastKnownFileType = image.png; path = img2.png; sourceTree = "<group>"; };
		ED808B1B1D8A4945003C7DF6 /* img1.png */ = {isa = PBXFileReference; lastKnownFileType = image.png; path = img1.png; sourceTree = "<group>"; };
		ED808B1D1D8A49E8003C7DF6 /* 0.png */ = {isa = PBXFileReference; lastKnownFileType = image.png; path = 0.png; sourceTree = "<group>"; };
		ED808B211D8A4A59003C7DF6 /* img8.png */ = {isa = PBXFileReference; lastKnownFileType = image.png; path = img8.png; sourceTree = "<group>"; };
		ED808B251D8A4B87003C7DF6 /* img3.png */ = {isa = PBXFileReference; lastKnownFileType = image.png; path = img3.png; sourceTree = "<group>"; };
		ED808B271D8A4BA8003C7DF6 /* img5.png */ = {isa = PBXFileReference; lastKnownFileType = image.png; path = img5.png; sourceTree = "<group>"; };
		ED808B291D8A4D0F003C7DF6 /* bridge.h */ = {isa = PBXFileReference; lastKnownFileType = sourcecode.c.h; path = bridge.h; sourceTree = "<group>"; };
		ED808B2A1D8A4DB2003C7DF6 /* 摇一摇.gif */ = {isa = PBXFileReference; lastKnownFileType = image.gif; path = "摇一摇.gif"; sourceTree = "<group>"; };
/* End PBXFileReference section */

/* Begin PBXFrameworksBuildPhase section */
		ED44B11C1D8998EC000E2B45 /* Frameworks */ = {
			isa = PBXFrameworksBuildPhase;
			buildActionMask = 2147483647;
			files = (
			);
			runOnlyForDeploymentPostprocessing = 0;
		};
/* End PBXFrameworksBuildPhase section */

/* Begin PBXGroup section */
		ED44B1161D8998EC000E2B45 = {
			isa = PBXGroup;
			children = (
				ED808B291D8A4D0F003C7DF6 /* bridge.h */,
				ED44B1211D8998EC000E2B45 /* randomsele */,
				ED44B1201D8998EC000E2B45 /* Products */,
			);
			sourceTree = "<group>";
		};
		ED44B1201D8998EC000E2B45 /* Products */ = {
			isa = PBXGroup;
			children = (
				ED44B11F1D8998EC000E2B45 /* randomsele.app */,
			);
			name = Products;
			sourceTree = "<group>";
		};
		ED44B1211D8998EC000E2B45 /* randomsele */ = {
			isa = PBXGroup;
			children = (
				ED808B2A1D8A4DB2003C7DF6 /* 摇一摇.gif */,
				ED808B1D1D8A49E8003C7DF6 /* 0.png */,
				ED808B251D8A4B87003C7DF6 /* img3.png */,
				ED808B171D8A492B003C7DF6 /* img0.png */,
				ED808B1B1D8A4945003C7DF6 /* img1.png */,
				ED808B191D8A4934003C7DF6 /* img2.png */,
				ED808B151D8A4919003C7DF6 /* img4.png */,
				ED808B271D8A4BA8003C7DF6 /* img5.png */,
				ED808B211D8A4A59003C7DF6 /* img8.png */,
				ED808B0F1D8A48F1003C7DF6 /* img6.png */,
				ED808B0D1D8A48EB003C7DF6 /* img7.png */,
				ED44B13A1D89A2BB000E2B45 /* UITableView+SDAutoTableViewCellHeight.h */,
				ED44B13B1D89A2BB000E2B45 /* UITableView+SDAutoTableViewCellHeight.m */,
				ED44B1351D89993B000E2B45 /* UIView+SDAutoLayout.h */,
				ED44B1361D89993B000E2B45 /* UIView+SDAutoLayout.m */,
				ED44B1221D8998EC000E2B45 /* AppDelegate.swift */,
				ED44B1241D8998EC000E2B45 /* ViewController.swift */,
				ED44B1261D8998ED000E2B45 /* Main.storyboard */,
				ED44B1291D8998ED000E2B45 /* Assets.xcassets */,
				ED44B12B1D8998ED000E2B45 /* LaunchScreen.storyboard */,
				ED44B12E1D8998ED000E2B45 /* Info.plist */,
				ED44B1381D89997B000E2B45 /* RandombounceView.swift */,
				ED44B13D1D89A8A1000E2B45 /* ItemButton.swift */,
			);
			name = randomsele;
			path = "抽奖模块开发";
			sourceTree = "<group>";
		};
/* End PBXGroup section */

/* Begin PBXNativeTarget section */
		ED44B11E1D8998EC000E2B45 /* randomsele */ = {
			isa = PBXNativeTarget;
			buildConfigurationList = ED44B1311D8998ED000E2B45 /* Build configuration list for PBXNativeTarget "randomsele" */;
			buildPhases = (
				ED44B11B1D8998EC000E2B45 /* Sources */,
				ED44B11C1D8998EC000E2B45 /* Frameworks */,
				ED44B11D1D8998EC000E2B45 /* Resources */,
			);
			buildRules = (
			);
			dependencies = (
			);
			name = randomsele;
			productName = "抽奖模块开发";
			productReference = ED44B11F1D8998EC000E2B45 /* randomsele.app */;
			productType = "com.apple.product-type.application";
		};
/* End PBXNativeTarget section */

/* Begin PBXProject section */
		ED44B1171D8998EC000E2B45 /* Project object */ = {
			isa = PBXProject;
			attributes = {
				LastSwiftUpdateCheck = 0730;
				LastUpgradeCheck = 0730;
				ORGANIZATIONNAME = lotawei;
				TargetAttributes = {
					ED44B11E1D8998EC000E2B45 = {
						CreatedOnToolsVersion = 7.3.1;
					};
				};
			};
			buildConfigurationList = ED44B11A1D8998EC000E2B45 /* Build configuration list for PBXProject "randomsele" */;
			compatibilityVersion = "Xcode 3.2";
			developmentRegion = English;
			hasScannedForEncodings = 0;
			knownRegions = (
				en,
				Base,
			);
			mainGroup = ED44B1161D8998EC000E2B45;
			productRefGroup = ED44B1201D8998EC000E2B45 /* Products */;
			projectDirPath = "";
			projectRoot = "";
			targets = (
				ED44B11E1D8998EC000E2B45 /* randomsele */,
			);
		};
/* End PBXProject section */

/* Begin PBXResourcesBuildPhase section */
		ED44B11D1D8998EC000E2B45 /* Resources */ = {
			isa = PBXResourcesBuildPhase;
			buildActionMask = 2147483647;
			files = (
				ED808B101D8A48F1003C7DF6 /* img6.png in Resources */,
				ED808B161D8A4919003C7DF6 /* img4.png in Resources */,
				ED808B281D8A4BA8003C7DF6 /* img5.png in Resources */,
				ED808B2B1D8A4DB2003C7DF6 /* 摇一摇.gif in Resources */,
				ED808B181D8A492B003C7DF6 /* img0.png in Resources */,
				ED808B221D8A4A59003C7DF6 /* img8.png in Resources */,
				ED44B12D1D8998ED000E2B45 /* LaunchScreen.storyboard in Resources */,
				ED808B1A1D8A4934003C7DF6 /* img2.png in Resources */,
				ED808B1E1D8A49E8003C7DF6 /* 0.png in Resources */,
				ED44B12A1D8998ED000E2B45 /* Assets.xcassets in Resources */,
				ED808B261D8A4B87003C7DF6 /* img3.png in Resources */,
				ED44B1281D8998ED000E2B45 /* Main.storyboard in Resources */,
				ED808B1C1D8A4945003C7DF6 /* img1.png in Resources */,
				ED808B0E1D8A48EB003C7DF6 /* img7.png in Resources */,
			);
			runOnlyForDeploymentPostprocessing = 0;
		};
/* End PBXResourcesBuildPhase section */

/* Begin PBXSourcesBuildPhase section */
		ED44B11B1D8998EC000E2B45 /* Sources */ = {
			isa = PBXSourcesBuildPhase;
			buildActionMask = 2147483647;
			files = (
				ED44B13E1D89A8A1000E2B45 /* ItemButton.swift in Sources */,
				ED44B1251D8998ED000E2B45 /* ViewController.swift in Sources */,
				ED44B1391D89997B000E2B45 /* RandombounceView.swift in Sources */,
				ED44B1231D8998EC000E2B45 /* AppDelegate.swift in Sources */,
				ED44B1371D89993B000E2B45 /* UIView+SDAutoLayout.m in Sources */,
				ED44B13C1D89A2BB000E2B45 /* UITableView+SDAutoTableViewCellHeight.m in Sources */,
			);
			runOnlyForDeploymentPostprocessing = 0;
		};
/* End PBXSourcesBuildPhase section */

/* Begin PBXVariantGroup section */
		ED44B1261D8998ED000E2B45 /* Main.storyboard */ = {
			isa = PBXVariantGroup;
			children = (
				ED44B1271D8998ED000E2B45 /* Base */,
			);
			name = Main.storyboard;
			sourceTree = "<group>";
		};
		ED44B12B1D8998ED000E2B45 /* LaunchScreen.storyboard */ = {
			isa = PBXVariantGroup;
			children = (
				ED44B12C1D8998ED000E2B45 /* Base */,
			);
			name = LaunchScreen.storyboard;
			sourceTree = "<group>";
		};
/* End PBXVariantGroup section */

/* Begin XCBuildConfiguration section */
		ED44B12F1D8998ED000E2B45 /* Debug */ = {
			isa = XCBuildConfiguration;
			buildSettings = {
				ALWAYS_SEARCH_USER_PATHS = NO;
				CLANG_ANALYZER_NONNULL = YES;
				CLANG_CXX_LANGUAGE_STANDARD = "gnu++0x";
				CLANG_CXX_LIBRARY = "libc++";
				CLANG_ENABLE_MODULES = YES;
				CLANG_ENABLE_OBJC_ARC = YES;
				CLANG_WARN_BOOL_CONVERSION = YES;
				CLANG_WARN_CONSTANT_CONVERSION = YES;
				CLANG_WARN_DIRECT_OBJC_ISA_USAGE = YES_ERROR;
				CLANG_WARN_EMPTY_BODY = YES;
				CLANG_WARN_ENUM_CONVERSION = YES;
				CLANG_WARN_INT_CONVERSION = YES;
				CLANG_WARN_OBJC_ROOT_CLASS = YES_ERROR;
				CLANG_WARN_UNREACHABLE_CODE = YES;
				CLANG_WARN__DUPLICATE_METHOD_MATCH = YES;
				"CODE_SIGN_IDENTITY[sdk=iphoneos*]" = "iPhone Developer";
				COPY_PHASE_STRIP = NO;
				DEBUG_INFORMATION_FORMAT = dwarf;
				ENABLE_STRICT_OBJC_MSGSEND = YES;
				ENABLE_TESTABILITY = YES;
				GCC_C_LANGUAGE_STANDARD = gnu99;
				GCC_DYNAMIC_NO_PIC = NO;
				GCC_NO_COMMON_BLOCKS = YES;
				GCC_OPTIMIZATION_LEVEL = 0;
				GCC_PREPROCESSOR_DEFINITIONS = (
					"DEBUG=1",
					"$(inherited)",
				);
				GCC_WARN_64_TO_32_BIT_CONVERSION = YES;
				GCC_WARN_ABOUT_RETURN_TYPE = YES_ERROR;
				GCC_WARN_UNDECLARED_SELECTOR = YES;
				GCC_WARN_UNINITIALIZED_AUTOS = YES_AGGRESSIVE;
				GCC_WARN_UNUSED_FUNCTION = YES;
				GCC_WARN_UNUSED_VARIABLE = YES;
				IPHONEOS_DEPLOYMENT_TARGET = 9.3;
				MTL_ENABLE_DEBUG_INFO = YES;
				ONLY_ACTIVE_ARCH = YES;
				SDKROOT = iphoneos;
				SWIFT_OPTIMIZATION_LEVEL = "-Onone";
				TARGETED_DEVICE_FAMILY = "1,2";
			};
			name = Debug;
		};
		ED44B1301D8998ED000E2B45 /* Release */ = {
			isa = XCBuildConfiguration;
			buildSettings = {
				ALWAYS_SEARCH_USER_PATHS = NO;
				CLANG_ANALYZER_NONNULL = YES;
				CLANG_CXX_LANGUAGE_STANDARD = "gnu++0x";
				CLANG_CXX_LIBRARY = "libc++";
				CLANG_ENABLE_MODULES = YES;
				CLANG_ENABLE_OBJC_ARC = YES;
				CLANG_WARN_BOOL_CONVERSION = YES;
				CLANG_WARN_CONSTANT_CONVERSION = YES;
				CLANG_WARN_DIRECT_OBJC_ISA_USAGE = YES_ERROR;
				CLANG_WARN_EMPTY_BODY = YES;
				CLANG_WARN_ENUM_CONVERSION = YES;
				CLANG_WARN_INT_CONVERSION = YES;
				CLANG_WARN_OBJC_ROOT_CLASS = YES_ERROR;
				CLANG_WARN_UNREACHABLE_CODE = YES;
				CLANG_WARN__DUPLICATE_METHOD_MATCH = YES;
				"CODE_SIGN_IDENTITY[sdk=iphoneos*]" = "iPhone Developer";
				COPY_PHASE_STRIP = NO;
				DEBUG_INFORMATION_FORMAT = "dwarf-with-dsym";
				ENABLE_NS_ASSERTIONS = NO;
				ENABLE_STRICT_OBJC_MSGSEND = YES;
				GCC_C_LANGUAGE_STANDARD = gnu99;
				GCC_NO_COMMON_BLOCKS = YES;
				GCC_WARN_64_TO_32_BIT_CONVERSION = YES;
				GCC_WARN_ABOUT_RETURN_TYPE = YES_ERROR;
				GCC_WARN_UNDECLARED_SELECTOR = YES;
				GCC_WARN_UNINITIALIZED_AUTOS = YES_AGGRESSIVE;
				GCC_WARN_UNUSED_FUNCTION = YES;
				GCC_WARN_UNUSED_VARIABLE = YES;
				IPHONEOS_DEPLOYMENT_TARGET = 9.3;
				MTL_ENABLE_DEBUG_INFO = NO;
				SDKROOT = iphoneos;
				TARGETED_DEVICE_FAMILY = "1,2";
				VALIDATE_PRODUCT = YES;
			};
			name = Release;
		};
		ED44B1321D8998ED000E2B45 /* Debug */ = {
			isa = XCBuildConfiguration;
			buildSettings = {
				ASSETCATALOG_COMPILER_APPICON_NAME = AppIcon;
				CLANG_ENABLE_MODULES = YES;
				INFOPLIST_FILE = "抽奖模块开发/Info.plist";
				LD_RUNPATH_SEARCH_PATHS = "$(inherited) @executable_path/Frameworks";
				PRODUCT_BUNDLE_IDENTIFIER = "com.lw.cn.------";
				PRODUCT_NAME = randomsele;
				SWIFT_OBJC_BRIDGING_HEADER = bridge.h;
				SWIFT_OPTIMIZATION_LEVEL = "-Onone";
			};
			name = Debug;
		};
		ED44B1331D8998ED000E2B45 /* Release */ = {
			isa = XCBuildConfiguration;
			buildSettings = {
				ASSETCATALOG_COMPILER_APPICON_NAME = AppIcon;
				CLANG_ENABLE_MODULES = YES;
				INFOPLIST_FILE = "抽奖模块开发/Info.plist";
				LD_RUNPATH_SEARCH_PATHS = "$(inherited) @executable_path/Frameworks";
				PRODUCT_BUNDLE_IDENTIFIER = "com.lw.cn.------";
				PRODUCT_NAME = randomsele;
				SWIFT_OBJC_BRIDGING_HEADER = bridge.h;
			};
			name = Release;
		};
/* End XCBuildConfiguration section */

/* Begin XCConfigurationList section */
		ED44B11A1D8998EC000E2B45 /* Build configuration list for PBXProject "randomsele" */ = {
			isa = XCConfigurationList;
			buildConfigurations = (
				ED44B12F1D8998ED000E2B45 /* Debug */,
				ED44B1301D8998ED000E2B45 /* Release */,
			);
			defaultConfigurationIsVisible = 0;
			defaultConfigurationName = Release;
		};
		ED44B1311D8998ED000E2B45 /* Build configuration list for PBXNativeTarget "randomsele" */ = {
			isa = XCConfigurationList;
			buildConfigurations = (
				ED44B1321D8998ED000E2B45 /* Debug */,
				ED44B1331D8998ED000E2B45 /* Release */,
			);
			defaultConfigurationIsVisible = 0;
			defaultConfigurationName = Release;
		};
/* End XCConfigurationList section */
	};
	rootObject = ED44B1171D8998EC000E2B45 /* Project object */;
}
